
Microsoft Visual Studio Solution File, Format Version 12.00
# Visual Studio 15
VisualStudioVersion = 15.0.27428.2015
MinimumVisualStudioVersion = 10.0.40219.1
Project("{8BC9CEB8-8B4A-11D0-8D11-00A0C91BC942}") = "PAT_Test_1058", "PAT_Test_1058\PAT_Test_1058.vcxproj", "{46453312-A35B-4D71-A624-D66D3A367963}"
EndProject
Global
	GlobalSection(SolutionConfigurationPlatforms) = preSolution
		Debug|x64 = Debug|x64
		Debug|x86 = Debug|x86
		Release|x64 = Release|x64
		Release|x86 = Release|x86
	EndGlobalSection
	GlobalSection(ProjectConfigurationPlatforms) = postSolution
		{46453312-A35B-4D71-A624-D66D3A367963}.Debug|x64.ActiveCfg = Debug|x64
		{46453312-A35B-4D71-A624-D66D3A367963}.Debug|x64.Build.0 = Debug|x64
		{46453312-A35B-4D71-A624-D66D3A367963}.Debug|x86.ActiveCfg = Debug|Win32
		{46453312-A35B-4D71-A624-D66D3A367963}.Debug|x86.Build.0 = Debug|Win32
		{46453312-A35B-4D71-A624-D66D3A367963}.Release|x64.ActiveCfg = Release|x64
		{46453312-A35B-4D71-A624-D66D3A367963}.Release|x64.Build.0 = Release|x64
		{46453312-A35B-4D71-A624-D66D3A367963}.Release|x86.ActiveCfg = Release|Win32
		{46453312-A35B-4D71-A624-D66D3A367963}.Release|x86.Build.0 = Release|Win32
	EndGlobalSection
	GlobalSection(SolutionProperties) = preSolution
		HideSolutionNode = FALSE
	EndGlobalSection
	GlobalSection(ExtensibilityGlobals) = postSolution
		SolutionGuid = {6E05CD44-A058-4B9C-9978-C9E6BC8E3B6F}
	EndGlobalSection
EndGlobal
